dependencies:
- name: postgresql
  repository: oci://registry-1.docker.io/bitnamicharts
  version: 12.5.6
- name: redis
  repository: oci://registry-1.docker.io/bitnamicharts
  version: 17.11.3
- name: agent
  repository: ""
  version: 3.7.10
- name: server
  repository: ""
  version: 3.7.10
digest: sha256:203cc167842279b0585d78b9cd6b7de6dc12f5a3b61a50861123350bdb1563ae
generated: "2026-08-14T06:25:15.436415+01:00"
