dependencies:
- name: postgresql
  repository: oci://registry-1.docker.io/bitnamicharts
  version: 12.5.6
- name: redis
  repository: oci://registry-1.docker.io/bitnamicharts
  version: 17.11.3
- name: agent
  repository: ""
  version: 3.7.11
- name: server
  repository: ""
  version: 3.7.11
digest: sha256:ee3b790713e3130327dad7c5b4dccf2f3f6c9d8d606bbcfd35be2db8541cd28e
generated: "2026-08-21T19:06:16.329402+01:00"
